
Microsoft Visual Studio Solution File, Format Version 12.00
# Visual Studio Version 17
VisualStudioVersion = 17.10.34928.147
MinimumVisualStudioVersion = 10.0.40219.1
Project("{FAE04EC0-301F-11D3-BF4B-00C04F79EFBC}") = "CinephoriaBackEnd", "CinephoriaBackEnd\CinephoriaBackEnd.csproj", "{4692B21C-40AE-4DEA-A83E-0B70129DDA41}"
EndProject
Global
	GlobalSection(SolutionConfigurationPlatforms) = preSolution
		Debug|Any CPU = Debug|Any CPU
		Release|Any CPU = Release|Any CPU
	EndGlobalSection
	GlobalSection(ProjectConfigurationPlatforms) = postSolution
		{4692B21C-40AE-4DEA-A83E-0B70129DDA41}.Debug|Any CPU.ActiveCfg = Debug|Any CPU
		{4692B21C-40AE-4DEA-A83E-0B70129DDA41}.Debug|Any CPU.Build.0 = Debug|Any CPU
		{4692B21C-40AE-4DEA-A83E-0B70129DDA41}.Release|Any CPU.ActiveCfg = Release|Any CPU
		{4692B21C-40AE-4DEA-A83E-0B70129DDA41}.Release|Any CPU.Build.0 = Release|Any CPU
	EndGlobalSection
	GlobalSection(SolutionProperties) = preSolution
		HideSolutionNode = FALSE
	EndGlobalSection
	GlobalSection(ExtensibilityGlobals) = postSolution
		SolutionGuid = {44816B7A-C595-47E0-B1BE-9ED936A7EB18}
	EndGlobalSection
EndGlobal
